{
  "version": 4,
  "terraform_version": "0.12.21",
  "serial": 7,
  "lineage": "6b4834e0-fa2d-a5fa-6c8e-394fa55a57b9",
  "outputs": {
    "all_arns": {
      "value": [
        "arn:aws:iam::409431577821:user/kapish",
        "arn:aws:iam::409431577821:user/sathvik",
        "arn:aws:iam::409431577821:user/teja"
      ],
      "type": [
        "tuple",
        [
          "string",
          "string",
          "string"
        ]
      ]
    },
    "all_names": {
      "value": [
        "TEJA",
        "KAPISH",
        "SATHVIK"
      ],
      "type": [
        "tuple",
        [
          "string",
          "string",
          "string"
        ]
      ]
    },
    "all_users": {
      "value": {
        "kapish": {
          "arn": "arn:aws:iam::409431577821:user/kapish",
          "force_destroy": false,
          "id": "kapish",
          "name": "kapish",
          "path": "/",
          "permissions_boundary": null,
          "tags": {},
          "unique_id": "AIDAV6VAGCTORNSFUXGYH"
        },
        "sathvik": {
          "arn": "arn:aws:iam::409431577821:user/sathvik",
          "force_destroy": false,
          "id": "sathvik",
          "name": "sathvik",
          "path": "/",
          "permissions_boundary": null,
          "tags": {},
          "unique_id": "AIDAV6VAGCTOV7WLCNEQ4"
        },
        "teja": {
          "arn": "arn:aws:iam::409431577821:user/teja",
          "force_destroy": false,
          "id": "teja",
          "name": "teja",
          "path": "/",
          "permissions_boundary": null,
          "tags": {},
          "unique_id": "AIDAV6VAGCTOZYO3DDPII"
        }
      },
      "type": [
        "object",
        {
          "kapish": [
            "object",
            {
              "arn": "string",
              "force_destroy": "bool",
              "id": "string",
              "name": "string",
              "path": "string",
              "permissions_boundary": "string",
              "tags": [
                "map",
                "string"
              ],
              "unique_id": "string"
            }
          ],
          "sathvik": [
            "object",
            {
              "arn": "string",
              "force_destroy": "bool",
              "id": "string",
              "name": "string",
              "path": "string",
              "permissions_boundary": "string",
              "tags": [
                "map",
                "string"
              ],
              "unique_id": "string"
            }
          ],
          "teja": [
            "object",
            {
              "arn": "string",
              "force_destroy": "bool",
              "id": "string",
              "name": "string",
              "path": "string",
              "permissions_boundary": "string",
              "tags": [
                "map",
                "string"
              ],
              "unique_id": "string"
            }
          ]
        }
      ]
    },
    "bios": {
      "value": [
        "kapish is love interest",
        "sathvik is metor",
        "teja is hero"
      ],
      "type": [
        "tuple",
        [
          "string",
          "string",
          "string"
        ]
      ]
    },
    "short_upper_names": {
      "value": [
        "TEJA"
      ],
      "type": [
        "tuple",
        [
          "string"
        ]
      ]
    }
  },
  "resources": [
    {
      "mode": "managed",
      "type": "aws_iam_user",
      "name": "example",
      "each": "map",
      "provider": "provider.aws",
      "instances": [
        {
          "index_key": "kapish",
          "schema_version": 0,
          "attributes": {
            "arn": "arn:aws:iam::409431577821:user/kapish",
            "force_destroy": false,
            "id": "kapish",
            "name": "kapish",
            "path": "/",
            "permissions_boundary": null,
            "tags": {},
            "unique_id": "AIDAV6VAGCTORNSFUXGYH"
          },
          "private": "bnVsbA=="
        },
        {
          "index_key": "sathvik",
          "schema_version": 0,
          "attributes": {
            "arn": "arn:aws:iam::409431577821:user/sathvik",
            "force_destroy": false,
            "id": "sathvik",
            "name": "sathvik",
            "path": "/",
            "permissions_boundary": null,
            "tags": {},
            "unique_id": "AIDAV6VAGCTOV7WLCNEQ4"
          },
          "private": "bnVsbA=="
        },
        {
          "index_key": "teja",
          "schema_version": 0,
          "attributes": {
            "arn": "arn:aws:iam::409431577821:user/teja",
            "force_destroy": false,
            "id": "teja",
            "name": "teja",
            "path": "/",
            "permissions_boundary": null,
            "tags": {},
            "unique_id": "AIDAV6VAGCTOZYO3DDPII"
          },
          "private": "bnVsbA=="
        }
      ]
    }
  ]
}
