{
  "version": 4,
  "terraform_version": "0.12.21",
  "serial": 22,
  "lineage": "6b4834e0-fa2d-a5fa-6c8e-394fa55a57b9",
  "outputs": {
    "all_arns": {
      "value": [
        "arn:aws:iam::409431577821:user/kapish",
        "arn:aws:iam::409431577821:user/sathvik",
        "arn:aws:iam::409431577821:user/teja"
      ],
      "type": [
        "tuple",
        [
          "string",
          "string",
          "string"
        ]
      ]
    },
    "all_names": {
      "value": [
        "TEJA",
        "KAPISH",
        "SATHVIK"
      ],
      "type": [
        "tuple",
        [
          "string",
          "string",
          "string"
        ]
      ]
    },
    "all_users": {
      "value": {
        "kapish": {
          "arn": "arn:aws:iam::409431577821:user/kapish",
          "force_destroy": false,
          "id": "kapish",
          "name": "kapish",
          "path": "/",
          "permissions_boundary": null,
          "tags": {},
          "unique_id": "AIDAV6VAGCTOW6Z2VNTY4"
        },
        "sathvik": {
          "arn": "arn:aws:iam::409431577821:user/sathvik",
          "force_destroy": false,
          "id": "sathvik",
          "name": "sathvik",
          "path": "/",
          "permissions_boundary": null,
          "tags": {},
          "unique_id": "AIDAV6VAGCTO33MTWBGKC"
        },
        "teja": {
          "arn": "arn:aws:iam::409431577821:user/teja",
          "force_destroy": false,
          "id": "teja",
          "name": "teja",
          "path": "/",
          "permissions_boundary": null,
          "tags": {},
          "unique_id": "AIDAV6VAGCTO5ZD55D6RV"
        }
      },
      "type": [
        "object",
        {
          "kapish": [
            "object",
            {
              "arn": "string",
              "force_destroy": "bool",
              "id": "string",
              "name": "string",
              "path": "string",
              "permissions_boundary": "string",
              "tags": [
                "map",
                "string"
              ],
              "unique_id": "string"
            }
          ],
          "sathvik": [
            "object",
            {
              "arn": "string",
              "force_destroy": "bool",
              "id": "string",
              "name": "string",
              "path": "string",
              "permissions_boundary": "string",
              "tags": [
                "map",
                "string"
              ],
              "unique_id": "string"
            }
          ],
          "teja": [
            "object",
            {
              "arn": "string",
              "force_destroy": "bool",
              "id": "string",
              "name": "string",
              "path": "string",
              "permissions_boundary": "string",
              "tags": [
                "map",
                "string"
              ],
              "unique_id": "string"
            }
          ]
        }
      ]
    },
    "bios": {
      "value": [
        "kapish is love interest",
        "sathvik is metor",
        "teja is hero"
      ],
      "type": [
        "tuple",
        [
          "string",
          "string",
          "string"
        ]
      ]
    },
    "short_upper_names": {
      "value": [
        "TEJA"
      ],
      "type": [
        "tuple",
        [
          "string"
        ]
      ]
    },
    "teja_arn": {
      "value": "teja",
      "type": "string"
    },
    "upper_roles": {
      "value": {
        "KAPISH": "LOVE INTEREST",
        "SATHVIK": "METOR",
        "TEJA": "HERO"
      },
      "type": [
        "object",
        {
          "KAPISH": "string",
          "SATHVIK": "string",
          "TEJA": "string"
        }
      ]
    }
  },
  "resources": [
    {
      "mode": "data",
      "type": "aws_iam_policy_document",
      "name": "cloudwatch_full_access",
      "provider": "provider.aws",
      "instances": [
        {
          "schema_version": 0,
          "attributes": {
            "id": "1630442276",
            "json": "{\n  \"Version\": \"2012-10-17\",\n  \"Statement\": [\n    {\n      \"Sid\": \"\",\n      \"Effect\": \"Allow\",\n      \"Action\": \"cloudwatch:*\",\n      \"Resource\": \"*\"\n    }\n  ]\n}",
            "override_json": null,
            "policy_id": null,
            "source_json": null,
            "statement": [
              {
                "actions": [
                  "cloudwatch:*"
                ],
                "condition": [],
                "effect": "Allow",
                "not_actions": [],
                "not_principals": [],
                "not_resources": [],
                "principals": [],
                "resources": [
                  "*"
                ],
                "sid": ""
              }
            ],
            "version": "2012-10-17"
          }
        }
      ]
    },
    {
      "mode": "data",
      "type": "aws_iam_policy_document",
      "name": "cloudwatch_read_only",
      "provider": "provider.aws",
      "instances": [
        {
          "schema_version": 0,
          "attributes": {
            "id": "1409679869",
            "json": "{\n  \"Version\": \"2012-10-17\",\n  \"Statement\": [\n    {\n      \"Sid\": \"\",\n      \"Effect\": \"Allow\",\n      \"Action\": [\n        \"cloudwatch:List*\",\n        \"cloudwatch:Get*\",\n        \"cloudwatch:Describe*\"\n      ],\n      \"Resource\": \"*\"\n    }\n  ]\n}",
            "override_json": null,
            "policy_id": null,
            "source_json": null,
            "statement": [
              {
                "actions": [
                  "cloudwatch:Describe*",
                  "cloudwatch:Get*",
                  "cloudwatch:List*"
                ],
                "condition": [],
                "effect": "Allow",
                "not_actions": [],
                "not_principals": [],
                "not_resources": [],
                "principals": [],
                "resources": [
                  "*"
                ],
                "sid": ""
              }
            ],
            "version": "2012-10-17"
          }
        }
      ]
    },
    {
      "mode": "managed",
      "type": "aws_iam_policy",
      "name": "cloudwatch_full_access",
      "provider": "provider.aws",
      "instances": [
        {
          "schema_version": 0,
          "attributes": {
            "arn": "arn:aws:iam::409431577821:policy/cloudwatch-full-access",
            "description": "",
            "id": "arn:aws:iam::409431577821:policy/cloudwatch-full-access",
            "name": "cloudwatch-full-access",
            "name_prefix": null,
            "path": "/",
            "policy": "{\n  \"Version\": \"2012-10-17\",\n  \"Statement\": [\n    {\n      \"Sid\": \"\",\n      \"Effect\": \"Allow\",\n      \"Action\": \"cloudwatch:*\",\n      \"Resource\": \"*\"\n    }\n  ]\n}"
          },
          "private": "bnVsbA=="
        }
      ]
    },
    {
      "mode": "managed",
      "type": "aws_iam_policy",
      "name": "cloudwatch_read_only",
      "provider": "provider.aws",
      "instances": [
        {
          "schema_version": 0,
          "attributes": {
            "arn": "arn:aws:iam::409431577821:policy/cloudwatch-read-only",
            "description": "",
            "id": "arn:aws:iam::409431577821:policy/cloudwatch-read-only",
            "name": "cloudwatch-read-only",
            "name_prefix": null,
            "path": "/",
            "policy": "{\n  \"Version\": \"2012-10-17\",\n  \"Statement\": [\n    {\n      \"Sid\": \"\",\n      \"Effect\": \"Allow\",\n      \"Action\": [\n        \"cloudwatch:List*\",\n        \"cloudwatch:Get*\",\n        \"cloudwatch:Describe*\"\n      ],\n      \"Resource\": \"*\"\n    }\n  ]\n}"
          },
          "private": "bnVsbA=="
        }
      ]
    },
    {
      "mode": "managed",
      "type": "aws_iam_user",
      "name": "example",
      "each": "map",
      "provider": "provider.aws",
      "instances": [
        {
          "index_key": "kapish",
          "schema_version": 0,
          "attributes": {
            "arn": "arn:aws:iam::409431577821:user/kapish",
            "force_destroy": false,
            "id": "kapish",
            "name": "kapish",
            "path": "/",
            "permissions_boundary": null,
            "tags": {},
            "unique_id": "AIDAV6VAGCTOW6Z2VNTY4"
          },
          "private": "bnVsbA=="
        },
        {
          "index_key": "sathvik",
          "schema_version": 0,
          "attributes": {
            "arn": "arn:aws:iam::409431577821:user/sathvik",
            "force_destroy": false,
            "id": "sathvik",
            "name": "sathvik",
            "path": "/",
            "permissions_boundary": null,
            "tags": {},
            "unique_id": "AIDAV6VAGCTO33MTWBGKC"
          },
          "private": "bnVsbA=="
        },
        {
          "index_key": "teja",
          "schema_version": 0,
          "attributes": {
            "arn": "arn:aws:iam::409431577821:user/teja",
            "force_destroy": false,
            "id": "teja",
            "name": "teja",
            "path": "/",
            "permissions_boundary": null,
            "tags": {},
            "unique_id": "AIDAV6VAGCTO5ZD55D6RV"
          },
          "private": "bnVsbA=="
        }
      ]
    },
    {
      "mode": "managed",
      "type": "aws_iam_user_policy_attachment",
      "name": "teja_cloudwatch_full_access",
      "each": "list",
      "provider": "provider.aws",
      "instances": [
        {
          "index_key": 0,
          "schema_version": 0,
          "attributes": {
            "id": "teja-20200407125822943700000001",
            "policy_arn": "arn:aws:iam::409431577821:policy/cloudwatch-full-access",
            "user": "teja"
          },
          "private": "bnVsbA==",
          "dependencies": [
            "aws_iam_policy.cloudwatch_full_access",
            "aws_iam_user.example"
          ]
        }
      ]
    },
    {
      "mode": "managed",
      "type": "aws_iam_user_policy_attachment",
      "name": "teja_cloudwatch_read_only",
      "each": "list",
      "provider": "provider.aws",
      "instances": []
    }
  ]
}
